
Microsoft Visual Studio Solution File, Format Version 12.00
# Visual Studio 15
VisualStudioVersion = 15.0.28307.1800
MinimumVisualStudioVersion = 10.0.40219.1
Project("{FAE04EC0-301F-11D3-BF4B-00C04F79EFBC}") = "ConsoleMusic", "ConsoleMusic\ConsoleMusic.csproj", "{04885D5C-19E3-4267-8506-E38A15DBB0EE}"
EndProject
Global
	GlobalSection(SolutionConfigurationPlatforms) = preSolution
		Debug|Any CPU = Debug|Any CPU
		Release|Any CPU = Release|Any CPU
	EndGlobalSection
	GlobalSection(ProjectConfigurationPlatforms) = postSolution
		{04885D5C-19E3-4267-8506-E38A15DBB0EE}.Debug|Any CPU.ActiveCfg = Debug|Any CPU
		{04885D5C-19E3-4267-8506-E38A15DBB0EE}.Debug|Any CPU.Build.0 = Debug|Any CPU
		{04885D5C-19E3-4267-8506-E38A15DBB0EE}.Release|Any CPU.ActiveCfg = Release|Any CPU
		{04885D5C-19E3-4267-8506-E38A15DBB0EE}.Release|Any CPU.Build.0 = Release|Any CPU
	EndGlobalSection
	GlobalSection(SolutionProperties) = preSolution
		HideSolutionNode = FALSE
	EndGlobalSection
	GlobalSection(ExtensibilityGlobals) = postSolution
		SolutionGuid = {5119FA33-9B71-45FC-9B6D-DFBCFDF0059B}
	EndGlobalSection
EndGlobal
